
Microsoft Visual Studio Solution File, Format Version 12.00
Project("{FAE04EC0-301F-11D3-BF4B-00C04F79EFBC}") = "CalendarEvents", "CalendarEvents.csproj", "{105FE85F-8EDE-4E23-90F7-B1E999AFA758}"
EndProject
Global
	GlobalSection(SolutionConfigurationPlatforms) = preSolution
		Debug|Any CPU = Debug|Any CPU
		Release|Any CPU = Release|Any CPU
	EndGlobalSection
	GlobalSection(ProjectConfigurationPlatforms) = postSolution
		{105FE85F-8EDE-4E23-90F7-B1E999AFA758}.Debug|Any CPU.ActiveCfg = Debug|Any CPU
		{105FE85F-8EDE-4E23-90F7-B1E999AFA758}.Debug|Any CPU.Build.0 = Debug|Any CPU
		{105FE85F-8EDE-4E23-90F7-B1E999AFA758}.Release|Any CPU.ActiveCfg = Release|Any CPU
		{105FE85F-8EDE-4E23-90F7-B1E999AFA758}.Release|Any CPU.Build.0 = Release|Any CPU
	EndGlobalSection
EndGlobal
